
Microsoft Visual Studio Solution File, Format Version 12.00
# Visual Studio Version 16
VisualStudioVersion = 16.0.32002.261
MinimumVisualStudioVersion = 10.0.40219.1
Project("{FAE04EC0-301F-11D3-BF4B-00C04F79EFBC}") = "CreateModel2", "CreateModel2\CreateModel2.csproj", "{C14522CB-2E07-42C0-98C2-C44F47FC9937}"
EndProject
Global
	GlobalSection(SolutionConfigurationPlatforms) = preSolution
		Debug|Any CPU = Debug|Any CPU
		Release|Any CPU = Release|Any CPU
	EndGlobalSection
	GlobalSection(ProjectConfigurationPlatforms) = postSolution
		{C14522CB-2E07-42C0-98C2-C44F47FC9937}.Debug|Any CPU.ActiveCfg = Debug|Any CPU
		{C14522CB-2E07-42C0-98C2-C44F47FC9937}.Debug|Any CPU.Build.0 = Debug|Any CPU
		{C14522CB-2E07-42C0-98C2-C44F47FC9937}.Release|Any CPU.ActiveCfg = Release|Any CPU
		{C14522CB-2E07-42C0-98C2-C44F47FC9937}.Release|Any CPU.Build.0 = Release|Any CPU
	EndGlobalSection
	GlobalSection(SolutionProperties) = preSolution
		HideSolutionNode = FALSE
	EndGlobalSection
	GlobalSection(ExtensibilityGlobals) = postSolution
		SolutionGuid = {76EA9454-3F75-403C-BC77-8C69CC8589DA}
	EndGlobalSection
EndGlobal
